<?xml version="1.0" encoding="utf-8"?>
<Project ToolsVersion="4.0" xmlns="http://schemas.microsoft.com/developer/msbuild/2003">
  <ItemGroup>
    <Filter Include="Source Files">
      <UniqueIdentifier>{4FC737F1-C7A5-4376-A066-2A32D752A2FF}</UniqueIdentifier>
      <Extensions>cpp;c;cc;cxx;def;odl;idl;hpj;bat;asm;asmx</Extensions>
    </Filter>
    <Filter Include="Header Files">
      <UniqueIdentifier>{93995380-89BD-4b04-88EB-625FBE52EBFB}</UniqueIdentifier>
      <Extensions>h;hpp;hxx;hm;inl;inc;xsd</Extensions>
    </Filter>
    <Filter Include="Resource Files">
      <UniqueIdentifier>{67DA6AB6-F800-4c08-8B7A-83BB121AAD01}</UniqueIdentifier>
      <Extensions>rc;ico;cur;bmp;dlg;rc2;rct;bin;rgs;gif;jpg;jpeg;jpe;resx;tiff;tif;png;wav;mfcribbon-ms</Extensions>
    </Filter>
    <Filter Include="Source Files\game">
      <UniqueIdentifier>{cfe11572-8915-4fd7-bf21-270336a20364}</UniqueIdentifier>
    </Filter>
    <Filter Include="Source Files\system">
      <UniqueIdentifier>{b019f3eb-5071-478f-8ad6-6071c5018d32}</UniqueIdentifier>
    </Filter>
    <Filter Include="Header Files\game">
      <UniqueIdentifier>{bcd0e20d-686d-420d-a62f-65267585a3f3}</UniqueIdentifier>
    </Filter>
    <Filter Include="Header Files\system">
      <UniqueIdentifier>{7dd836c6-8fe2-4ddc-8378-608dfaefedc7}</UniqueIdentifier>
    </Filter>
    <Filter Include="Header Files\graphics">
      <UniqueIdentifier>{de61c7f9-7378-4c96-93c1-d24e01d8dd4e}</UniqueIdentifier>
    </Filter>
    <Filter Include="Source Files\graphics">
      <UniqueIdentifier>{c6a5e3d0-b0c8-4af1-b1a3-3a9a6db3a004}</UniqueIdentifier>
    </Filter>
  </ItemGroup>
  <ItemGroup>
    <ClCompile Include="..\source\main.cpp">
      <Filter>Source Files</Filter>
    </ClCompile>
    <ClCompile Include="..\source\game\GameEngine.cpp">
      <Filter>Source Files\game</Filter>
    </ClCompile>
    <ClCompile Include="..\source\system\Animation.cpp">
      <Filter>Source Files\system</Filter>
    </ClCompile>
    <ClCompile Include="..\source\system\EventManager.cpp">
      <Filter>Source Files\system</Filter>
    </ClCompile>
    <ClCompile Include="..\source\system\Screen.cpp">
      <Filter>Source Files\system</Filter>
    </ClCompile>
    <ClCompile Include="..\source\system\ScreenManager.cpp">
      <Filter>Source Files\system</Filter>
    </ClCompile>
    <ClCompile Include="..\source\system\ModelLoader.cpp">
      <Filter>Source Files\system</Filter>
    </ClCompile>
    <ClCompile Include="..\source\graphics\Primitives.cpp">
      <Filter>Source Files\graphics</Filter>
    </ClCompile>
    <ClCompile Include="..\source\graphics\ModelObject.cpp">
      <Filter>Source Files\graphics</Filter>
    </ClCompile>
    <ClCompile Include="..\source\graphics\PrimitiveModel.cpp">
      <Filter>Source Files\graphics</Filter>
    </ClCompile>
    <ClCompile Include="..\source\system\Clock.cpp">
      <Filter>Source Files\system</Filter>
    </ClCompile>
    <ClCompile Include="..\source\game\GameScreen.cpp">
      <Filter>Source Files\game</Filter>
    </ClCompile>
    <ClCompile Include="..\source\game\ControlScreen.cpp">
      <Filter>Source Files\game</Filter>
    </ClCompile>
    <ClCompile Include="..\source\game\GameObject.cpp">
      <Filter>Source Files\game</Filter>
    </ClCompile>
    <ClCompile Include="..\source\game\Obstacle.cpp">
      <Filter>Source Files\game</Filter>
    </ClCompile>
    <ClCompile Include="..\source\system\Math3d.cpp">
      <Filter>Source Files\system</Filter>
    </ClCompile>
    <ClCompile Include="..\source\system\Bitmap.c">
      <Filter>Source Files\system</Filter>
    </ClCompile>
    <ClCompile Include="..\source\system\ResourceManager.cpp">
      <Filter>Source Files\system</Filter>
    </ClCompile>
    <ClCompile Include="..\source\system\Quaternion.cpp">
      <Filter>Source Files\system</Filter>
    </ClCompile>
  </ItemGroup>
  <ItemGroup>
    <ClInclude Include="..\source\game\GameEngine.hpp">
      <Filter>Header Files\game</Filter>
    </ClInclude>
    <ClInclude Include="..\source\system\Animation.hpp">
      <Filter>Header Files\system</Filter>
    </ClInclude>
    <ClInclude Include="..\source\system\EventManager.hpp">
      <Filter>Header Files\system</Filter>
    </ClInclude>
    <ClInclude Include="..\source\system\GameEvent.hpp">
      <Filter>Header Files\system</Filter>
    </ClInclude>
    <ClInclude Include="..\source\system\Globals.hpp">
      <Filter>Header Files\system</Filter>
    </ClInclude>
    <ClInclude Include="..\source\system\Screen.hpp">
      <Filter>Header Files\system</Filter>
    </ClInclude>
    <ClInclude Include="..\source\system\ScreenManager.hpp">
      <Filter>Header Files\system</Filter>
    </ClInclude>
    <ClInclude Include="..\source\system\Mesh.hpp">
      <Filter>Header Files\system</Filter>
    </ClInclude>
    <ClInclude Include="..\source\system\ModelLoader.hpp">
      <Filter>Header Files\system</Filter>
    </ClInclude>
    <ClInclude Include="..\source\graphics\Primitives.hpp">
      <Filter>Header Files\graphics</Filter>
    </ClInclude>
    <ClInclude Include="..\source\graphics\ModelObject.hpp">
      <Filter>Header Files\graphics</Filter>
    </ClInclude>
    <ClInclude Include="..\source\graphics\PrimitiveModel.hpp">
      <Filter>Header Files\graphics</Filter>
    </ClInclude>
    <ClInclude Include="..\source\system\Event.hpp">
      <Filter>Header Files\system</Filter>
    </ClInclude>
    <ClInclude Include="..\source\system\Clock.hpp">
      <Filter>Header Files\system</Filter>
    </ClInclude>
    <ClInclude Include="..\source\game\GameScreen.hpp">
      <Filter>Header Files\game</Filter>
    </ClInclude>
    <ClInclude Include="..\source\game\ControlScreen.hpp">
      <Filter>Header Files\game</Filter>
    </ClInclude>
    <ClInclude Include="..\source\game\GameObject.hpp">
      <Filter>Header Files\game</Filter>
    </ClInclude>
    <ClInclude Include="..\source\game\Obstacle.hpp">
      <Filter>Header Files\game</Filter>
    </ClInclude>
    <ClInclude Include="..\source\system\Math3d.hpp">
      <Filter>Header Files\system</Filter>
    </ClInclude>
    <ClInclude Include="..\source\system\Typedefs.hpp">
      <Filter>Header Files\system</Filter>
    </ClInclude>
    <ClInclude Include="..\source\system\Material.h">
      <Filter>Header Files\system</Filter>
    </ClInclude>
    <ClInclude Include="..\source\system\Bitmap.h">
      <Filter>Header Files\system</Filter>
    </ClInclude>
    <ClInclude Include="..\source\system\ResourceManager.hpp">
      <Filter>Header Files\system</Filter>
    </ClInclude>
    <ClInclude Include="..\source\system\AABBTree.hpp">
      <Filter>Header Files\system</Filter>
    </ClInclude>
    <ClInclude Include="..\source\system\Quaternion.h">
      <Filter>Header Files\system</Filter>
    </ClInclude>
  </ItemGroup>
</Project>